
Microsoft Visual Studio Solution File, Format Version 12.00
# Visual Studio 15
Project("{FAE04EC0-301F-11D3-BF4B-00C04F79EFBC}") = "Howdrunkareyou.iOS", "Howdrunkareyou.iOS\Howdrunkareyou.iOS.csproj", "{AED04912-7AF4-4CB9-A031-76B6EC93F39E}"
EndProject
Project("{FAE04EC0-301F-11D3-BF4B-00C04F79EFBC}") = "Howdrunkareyou", "Howdrunkareyou\Howdrunkareyou.csproj", "{3DA999D9-0499-48AB-B4A9-190AD42E58B1}"
EndProject
Global
	GlobalSection(SolutionConfigurationPlatforms) = preSolution
		Debug|iPhoneSimulator = Debug|iPhoneSimulator
		Release|iPhoneSimulator = Release|iPhoneSimulator
		Debug|iPhone = Debug|iPhone
		Release|iPhone = Release|iPhone
		Debug|Any CPU = Debug|Any CPU
		Release|Any CPU = Release|Any CPU
	EndGlobalSection
	GlobalSection(ProjectConfigurationPlatforms) = postSolution
		{AED04912-7AF4-4CB9-A031-76B6EC93F39E}.Debug|iPhoneSimulator.ActiveCfg = Debug|iPhoneSimulator
		{AED04912-7AF4-4CB9-A031-76B6EC93F39E}.Debug|iPhoneSimulator.Build.0 = Debug|iPhoneSimulator
		{AED04912-7AF4-4CB9-A031-76B6EC93F39E}.Release|iPhoneSimulator.ActiveCfg = Release|iPhoneSimulator
		{AED04912-7AF4-4CB9-A031-76B6EC93F39E}.Release|iPhoneSimulator.Build.0 = Release|iPhoneSimulator
		{AED04912-7AF4-4CB9-A031-76B6EC93F39E}.Debug|iPhone.ActiveCfg = Debug|iPhone
		{AED04912-7AF4-4CB9-A031-76B6EC93F39E}.Debug|iPhone.Build.0 = Debug|iPhone
		{AED04912-7AF4-4CB9-A031-76B6EC93F39E}.Release|iPhone.ActiveCfg = Release|iPhone
		{AED04912-7AF4-4CB9-A031-76B6EC93F39E}.Release|iPhone.Build.0 = Release|iPhone
		{AED04912-7AF4-4CB9-A031-76B6EC93F39E}.Debug|Any CPU.ActiveCfg = Debug|iPhoneSimulator
		{AED04912-7AF4-4CB9-A031-76B6EC93F39E}.Debug|Any CPU.Build.0 = Debug|iPhoneSimulator
		{AED04912-7AF4-4CB9-A031-76B6EC93F39E}.Release|Any CPU.ActiveCfg = Release|iPhoneSimulator
		{AED04912-7AF4-4CB9-A031-76B6EC93F39E}.Release|Any CPU.Build.0 = Release|iPhoneSimulator
		{3DA999D9-0499-48AB-B4A9-190AD42E58B1}.Debug|iPhoneSimulator.ActiveCfg = Debug|Any CPU
		{3DA999D9-0499-48AB-B4A9-190AD42E58B1}.Debug|iPhoneSimulator.Build.0 = Debug|Any CPU
		{3DA999D9-0499-48AB-B4A9-190AD42E58B1}.Release|iPhoneSimulator.ActiveCfg = Release|Any CPU
		{3DA999D9-0499-48AB-B4A9-190AD42E58B1}.Release|iPhoneSimulator.Build.0 = Release|Any CPU
		{3DA999D9-0499-48AB-B4A9-190AD42E58B1}.Debug|iPhone.ActiveCfg = Debug|Any CPU
		{3DA999D9-0499-48AB-B4A9-190AD42E58B1}.Debug|iPhone.Build.0 = Debug|Any CPU
		{3DA999D9-0499-48AB-B4A9-190AD42E58B1}.Release|iPhone.ActiveCfg = Release|Any CPU
		{3DA999D9-0499-48AB-B4A9-190AD42E58B1}.Release|iPhone.Build.0 = Release|Any CPU
		{3DA999D9-0499-48AB-B4A9-190AD42E58B1}.Debug|Any CPU.ActiveCfg = Debug|Any CPU
		{3DA999D9-0499-48AB-B4A9-190AD42E58B1}.Debug|Any CPU.Build.0 = Debug|Any CPU
		{3DA999D9-0499-48AB-B4A9-190AD42E58B1}.Release|Any CPU.ActiveCfg = Release|Any CPU
		{3DA999D9-0499-48AB-B4A9-190AD42E58B1}.Release|Any CPU.Build.0 = Release|Any CPU
	EndGlobalSection
EndGlobal
